
Microsoft Visual Studio Solution File, Format Version 12.00
# Visual Studio Version 16
VisualStudioVersion = 16.0.29020.237
MinimumVisualStudioVersion = 10.0.40219.1
Project("{F184B08F-C81C-45F6-A57F-5ABD9991F28F}") = "AppServer", "AppServer\AppServer.vbproj", "{9C2B4CB5-05E5-49CE-90EF-C9AC47E5A27D}"
EndProject
Project("{F184B08F-C81C-45F6-A57F-5ABD9991F28F}") = "AppClient", "AppClient\AppClient.vbproj", "{52299A0F-D8BD-419D-A8B9-0DFA1269E5A7}"
EndProject
Global
	GlobalSection(SolutionConfigurationPlatforms) = preSolution
		Debug|Any CPU = Debug|Any CPU
		Release|Any CPU = Release|Any CPU
	EndGlobalSection
	GlobalSection(ProjectConfigurationPlatforms) = postSolution
		{9C2B4CB5-05E5-49CE-90EF-C9AC47E5A27D}.Debug|Any CPU.ActiveCfg = Debug|Any CPU
		{9C2B4CB5-05E5-49CE-90EF-C9AC47E5A27D}.Debug|Any CPU.Build.0 = Debug|Any CPU
		{9C2B4CB5-05E5-49CE-90EF-C9AC47E5A27D}.Release|Any CPU.ActiveCfg = Release|Any CPU
		{9C2B4CB5-05E5-49CE-90EF-C9AC47E5A27D}.Release|Any CPU.Build.0 = Release|Any CPU
		{52299A0F-D8BD-419D-A8B9-0DFA1269E5A7}.Debug|Any CPU.ActiveCfg = Debug|Any CPU
		{52299A0F-D8BD-419D-A8B9-0DFA1269E5A7}.Debug|Any CPU.Build.0 = Debug|Any CPU
		{52299A0F-D8BD-419D-A8B9-0DFA1269E5A7}.Release|Any CPU.ActiveCfg = Release|Any CPU
		{52299A0F-D8BD-419D-A8B9-0DFA1269E5A7}.Release|Any CPU.Build.0 = Release|Any CPU
	EndGlobalSection
	GlobalSection(SolutionProperties) = preSolution
		HideSolutionNode = FALSE
	EndGlobalSection
	GlobalSection(ExtensibilityGlobals) = postSolution
		SolutionGuid = {49A017E1-948F-477F-A3A0-72201027C8AC}
	EndGlobalSection
EndGlobal
